{
    "_readme": [
        "This file locks the dependencies of your project to a known state",
        "Read more about it at https://getcomposer.org/doc/01-basic-usage.md#composer-lock-the-lock-file",
        "This file is @generated automatically"
    ],
    "hash": "108748d1fb8c0e94c87da2e44b50e4a8",
    "content-hash": "072eaa4e8bf613233dc8fcf2f66493c5",
    "packages": [
        {
            "name": "laravel-dev-common/union-config",
            "version": "dev-master",
            "source": {
                "type": "git",
                "url": "https://github.com/zhangkexiang/union-config.git",
                "reference": "2f4578861a006589363cf792bbc64dd9319728f9"
            },
            "dist": {
                "type": "zip",
                "url": "https://packagist.phpcomposer.com/files/zhangkexiang/union-config/2f4578861a006589363cf792bbc64dd9319728f9.zip",
                "reference": "2f4578861a006589363cf792bbc64dd9319728f9",
                "shasum": ""
            },
            "require": {
                "php": ">=5.5.9"
            },
            "type": "util",
            "autoload": {
                "classmap": [],
                "files": [
                    "src/union-functions.php"
                ],
                "psr-4": []
            },
            "notification-url": "https://packagist.org/downloads/",
            "license": [
                "MIT"
            ],
            "authors": [
                {
                    "name": "coding",
                    "email": "zhangkexiang@qingdao1024.com"
                }
            ],
            "description": "Laravel dev config util",
            "homepage": "https://github.com/zhangkexiang/union-config",
            "keywords": [
                "config",
                "util"
            ],
            "time": "2016-12-27 09:28:19"
        },
        {
            "name": "laravel-dev-common/union-middleware",
            "version": "dev-master",
            "source": {
                "type": "git",
                "url": "https://github.com/zhangkexiang/union-middleware.git",
                "reference": "970b60e078ade8ea6fae4bc9d7f71560dd78fbd7"
            },
            "dist": {
                "type": "zip",
                "url": "https://packagist.phpcomposer.com/files/zhangkexiang/union-middleware/970b60e078ade8ea6fae4bc9d7f71560dd78fbd7.zip",
                "reference": "970b60e078ade8ea6fae4bc9d7f71560dd78fbd7",
                "shasum": ""
            },
            "require": {
                "laravel-dev-common/union-config": "*",
                "php": ">=5.5.9"
            },
            "type": "util",
            "autoload": {
                "classmap": [],
                "files": [],
                "psr-4": {
                    "Union\\Mid\\": "src/"
                }
            },
            "notification-url": "https://packagist.org/downloads/",
            "license": [
                "MIT"
            ],
            "authors": [
                {
                    "name": "coding",
                    "email": "zhangkexiang@qingdao1024.com"
                }
            ],
            "description": "Laravel dev middleware util",
            "homepage": "https://github.com/zhangkexiang/union-middleware",
            "keywords": [
                "middleware",
                "util"
            ],
            "time": "2016-12-27 09:54:56"
        },
        {
            "name": "predis/predis",
            "version": "v1.1.1",
            "source": {
                "type": "git",
                "url": "https://github.com/nrk/predis.git",
                "reference": "f0210e38881631afeafb56ab43405a92cafd9fd1"
            },
            "dist": {
                "type": "zip",
                "url": "https://packagist.phpcomposer.com/files/nrk/predis/f0210e38881631afeafb56ab43405a92cafd9fd1.zip",
                "reference": "f0210e38881631afeafb56ab43405a92cafd9fd1",
                "shasum": ""
            },
            "require": {
                "php": ">=5.3.9"
            },
            "require-dev": {
                "phpunit/phpunit": "~4.8"
            },
            "suggest": {
                "ext-curl": "Allows access to Webdis when paired with phpiredis",
                "ext-phpiredis": "Allows faster serialization and deserialization of the Redis protocol"
            },
            "type": "library",
            "autoload": {
                "psr-4": {
                    "Predis\\": "src/"
                }
            },
            "notification-url": "https://packagist.org/downloads/",
            "license": [
                "MIT"
            ],
            "authors": [
                {
                    "name": "Daniele Alessandri",
                    "email": "suppakilla@gmail.com",
                    "homepage": "http://clorophilla.net"
                }
            ],
            "description": "Flexible and feature-complete Redis client for PHP and HHVM",
            "homepage": "http://github.com/nrk/predis",
            "keywords": [
                "nosql",
                "predis",
                "redis"
            ],
            "time": "2016-06-16 16:22:20"
        }
    ],
    "packages-dev": [],
    "aliases": [],
    "minimum-stability": "dev",
    "stability-flags": [],
    "prefer-stable": false,
    "prefer-lowest": false,
    "platform": {
        "php": ">=5.5.9"
    },
    "platform-dev": []
}
